
Microsoft Visual Studio Solution File, Format Version 12.00
# Visual Studio Version 17
VisualStudioVersion = 17.3.32825.248
MinimumVisualStudioVersion = 10.0.40219.1
Project("{FAE04EC0-301F-11D3-BF4B-00C04F79EFBC}") = "Sekretariat", "Sekretariat\Sekretariat.csproj", "{7E66E204-B5F2-4ABE-9980-526866719CD2}"
EndProject
Global
	GlobalSection(SolutionConfigurationPlatforms) = preSolution
		Debug|Any CPU = Debug|Any CPU
		Release|Any CPU = Release|Any CPU
	EndGlobalSection
	GlobalSection(ProjectConfigurationPlatforms) = postSolution
		{7E66E204-B5F2-4ABE-9980-526866719CD2}.Debug|Any CPU.ActiveCfg = Debug|Any CPU
		{7E66E204-B5F2-4ABE-9980-526866719CD2}.Debug|Any CPU.Build.0 = Debug|Any CPU
		{7E66E204-B5F2-4ABE-9980-526866719CD2}.Release|Any CPU.ActiveCfg = Release|Any CPU
		{7E66E204-B5F2-4ABE-9980-526866719CD2}.Release|Any CPU.Build.0 = Release|Any CPU
	EndGlobalSection
	GlobalSection(SolutionProperties) = preSolution
		HideSolutionNode = FALSE
	EndGlobalSection
	GlobalSection(ExtensibilityGlobals) = postSolution
		SolutionGuid = {B3D959DC-9E79-401F-8012-E8E8D1A4C968}
	EndGlobalSection
EndGlobal
